
Microsoft Visual Studio Solution File, Format Version 12.00
# Visual Studio Version 17
VisualStudioVersion = 17.0.32014.148
MinimumVisualStudioVersion = 10.0.40219.1
Project("{FAE04EC0-301F-11D3-BF4B-00C04F79EFBC}") = "ClassLibraryProgram", "ClassLibraryProgram\ClassLibraryProgram.csproj", "{4DDF9A63-8629-45EC-9FAF-EF0FB4575E6E}"
EndProject
Project("{FAE04EC0-301F-11D3-BF4B-00C04F79EFBC}") = "UnitTestProjectClassLibraryProgram", "UnitTestProject1\UnitTestProjectClassLibraryProgram.csproj", "{E830FCAA-2C4A-45AA-AB60-E54F5E412255}"
EndProject
Global
	GlobalSection(SolutionConfigurationPlatforms) = preSolution
		Debug|Any CPU = Debug|Any CPU
		Release|Any CPU = Release|Any CPU
	EndGlobalSection
	GlobalSection(ProjectConfigurationPlatforms) = postSolution
		{4DDF9A63-8629-45EC-9FAF-EF0FB4575E6E}.Debug|Any CPU.ActiveCfg = Debug|Any CPU
		{4DDF9A63-8629-45EC-9FAF-EF0FB4575E6E}.Debug|Any CPU.Build.0 = Debug|Any CPU
		{4DDF9A63-8629-45EC-9FAF-EF0FB4575E6E}.Release|Any CPU.ActiveCfg = Release|Any CPU
		{4DDF9A63-8629-45EC-9FAF-EF0FB4575E6E}.Release|Any CPU.Build.0 = Release|Any CPU
		{E830FCAA-2C4A-45AA-AB60-E54F5E412255}.Debug|Any CPU.ActiveCfg = Debug|Any CPU
		{E830FCAA-2C4A-45AA-AB60-E54F5E412255}.Debug|Any CPU.Build.0 = Debug|Any CPU
		{E830FCAA-2C4A-45AA-AB60-E54F5E412255}.Release|Any CPU.ActiveCfg = Release|Any CPU
		{E830FCAA-2C4A-45AA-AB60-E54F5E412255}.Release|Any CPU.Build.0 = Release|Any CPU
	EndGlobalSection
	GlobalSection(SolutionProperties) = preSolution
		HideSolutionNode = FALSE
	EndGlobalSection
	GlobalSection(ExtensibilityGlobals) = postSolution
		SolutionGuid = {42107A0B-24E1-454D-90F3-29646CCDBEF1}
	EndGlobalSection
EndGlobal
